<?xml version="1.0" encoding="utf-8"?>
<Project ToolsVersion="4.0" xmlns="http://schemas.microsoft.com/developer/msbuild/2003">
  <ItemGroup>
    <Filter Include="Source Files">
      <UniqueIdentifier>{4FC737F1-C7A5-4376-A066-2A32D752A2FF}</UniqueIdentifier>
      <Extensions>cpp;c;cc;cxx;def;odl;idl;hpj;bat;asm;asmx</Extensions>
    </Filter>
    <Filter Include="Header Files">
      <UniqueIdentifier>{93995380-89BD-4b04-88EB-625FBE52EBFB}</UniqueIdentifier>
      <Extensions>h;hpp;hxx;hm;inl;inc;xsd</Extensions>
    </Filter>
    <Filter Include="Resource Files">
      <UniqueIdentifier>{67DA6AB6-F800-4c08-8B7A-83BB121AAD01}</UniqueIdentifier>
      <Extensions>rc;ico;cur;bmp;dlg;rc2;rct;bin;rgs;gif;jpg;jpeg;jpe;resx;tiff;tif;png;wav</Extensions>
    </Filter>
    <Filter Include="Header Files\3rdparty">
      <UniqueIdentifier>{4ba61d8f-7a74-4431-a43d-0b77e872f1c5}</UniqueIdentifier>
    </Filter>
    <Filter Include="Header Files\3rdparty\BINK">
      <UniqueIdentifier>{8ce008fd-4b2a-477c-bd7c-09ee030cb916}</UniqueIdentifier>
    </Filter>
    <Filter Include="Header Files\3rdparty\RW">
      <UniqueIdentifier>{91f10918-ed60-4ddc-b129-598334543263}</UniqueIdentifier>
    </Filter>
    <Filter Include="Header Files\SCM">
      <UniqueIdentifier>{30400435-7aeb-4ddb-a280-4378d9ebb6fe}</UniqueIdentifier>
    </Filter>
    <Filter Include="Header Files\DLC">
      <UniqueIdentifier>{585a15ad-6cb3-477f-93dd-057f2804e00a}</UniqueIdentifier>
    </Filter>
    <Filter Include="Source Files\DLC">
      <UniqueIdentifier>{69f0b480-6152-4934-815f-5bbf556410ac}</UniqueIdentifier>
    </Filter>
    <Filter Include="Shaders">
      <UniqueIdentifier>{543cb81b-cd8c-4a23-ab39-529efd68d134}</UniqueIdentifier>
    </Filter>
  </ItemGroup>
  <ItemGroup>
    <ClCompile Include="CConfiscatedWeapons.cpp">
      <Filter>Source Files</Filter>
    </ClCompile>
    <ClCompile Include="CDraw.cpp">
      <Filter>Source Files</Filter>
    </ClCompile>
    <ClCompile Include="CGridref.cpp">
      <Filter>Source Files</Filter>
    </ClCompile>
    <ClCompile Include="CWanted.cpp">
      <Filter>Source Files</Filter>
    </ClCompile>
    <ClCompile Include="CWeaponInfo.cpp">
      <Filter>Source Files</Filter>
    </ClCompile>
    <ClCompile Include="VCSPC.cpp">
      <Filter>Source Files</Filter>
    </ClCompile>
    <ClCompile Include="Rs.cpp">
      <Filter>Source Files</Filter>
    </ClCompile>
    <ClCompile Include="StdAfx.cpp">
      <Filter>Source Files</Filter>
    </ClCompile>
    <ClCompile Include="CCRC32.Cpp">
      <Filter>Source Files</Filter>
    </ClCompile>
    <ClCompile Include="Sprite.cpp">
      <Filter>Source Files</Filter>
    </ClCompile>
    <ClCompile Include="VideoPlayer.cpp">
      <Filter>Source Files</Filter>
    </ClCompile>
    <ClCompile Include="Messages.cpp">
      <Filter>Source Files</Filter>
    </ClCompile>
    <ClCompile Include="WidescreenSupport.cpp">
      <Filter>Source Files</Filter>
    </ClCompile>
    <ClCompile Include="Radar.cpp">
      <Filter>Source Files</Filter>
    </ClCompile>
    <ClCompile Include="UserDisplay.cpp">
      <Filter>Source Files</Filter>
    </ClCompile>
    <ClCompile Include="PcSave.cpp">
      <Filter>Source Files</Filter>
    </ClCompile>
    <ClCompile Include="Audio.cpp">
      <Filter>Source Files</Filter>
    </ClCompile>
    <ClCompile Include="Script.cpp">
      <Filter>Source Files</Filter>
    </ClCompile>
    <ClCompile Include="CutsceneManager.cpp">
      <Filter>Source Files</Filter>
    </ClCompile>
    <ClCompile Include="Stats.cpp">
      <Filter>Source Files</Filter>
    </ClCompile>
    <ClCompile Include="Frontend.cpp">
      <Filter>Source Files</Filter>
    </ClCompile>
    <ClCompile Include="UpdateManager.cpp">
      <Filter>Source Files</Filter>
    </ClCompile>
    <ClCompile Include="BlowFish.cpp">
      <Filter>Source Files</Filter>
    </ClCompile>
    <ClCompile Include="VCSPC_SDK_Internal.cpp">
      <Filter>Source Files</Filter>
    </ClCompile>
    <ClCompile Include="PNGArchive.cpp">
      <Filter>Source Files</Filter>
    </ClCompile>
    <ClCompile Include="ModelInfo.cpp">
      <Filter>Source Files</Filter>
    </ClCompile>
    <ClCompile Include="General.cpp">
      <Filter>Source Files</Filter>
    </ClCompile>
    <ClCompile Include="Replay.cpp">
      <Filter>Source Files</Filter>
    </ClCompile>
    <ClCompile Include="Hud.cpp">
      <Filter>Source Files</Filter>
    </ClCompile>
    <ClCompile Include="Darkel.cpp">
      <Filter>Source Files</Filter>
    </ClCompile>
    <ClCompile Include="Timer.cpp">
      <Filter>Source Files</Filter>
    </ClCompile>
    <ClCompile Include="DLCManager.cpp">
      <Filter>Source Files</Filter>
    </ClCompile>
    <ClCompile Include="FileMgr.cpp">
      <Filter>Source Files</Filter>
    </ClCompile>
    <ClCompile Include="Pools.cpp">
      <Filter>Source Files</Filter>
    </ClCompile>
    <ClCompile Include="EmpireMgr.cpp">
      <Filter>Source Files</Filter>
    </ClCompile>
    <ClCompile Include="Building.cpp">
      <Filter>Source Files</Filter>
    </ClCompile>
    <ClCompile Include="World.cpp">
      <Filter>Source Files</Filter>
    </ClCompile>
    <ClCompile Include="PlayerInfo.cpp">
      <Filter>Source Files</Filter>
    </ClCompile>
    <ClCompile Include="TxdStore.cpp">
      <Filter>Source Files</Filter>
    </ClCompile>
    <ClCompile Include="Streaming.cpp">
      <Filter>Source Files</Filter>
    </ClCompile>
    <ClCompile Include="Garages.cpp">
      <Filter>Source Files</Filter>
    </ClCompile>
    <ClCompile Include="Pad.cpp">
      <Filter>Source Files</Filter>
    </ClCompile>
    <ClCompile Include="Coronas.cpp">
      <Filter>Source Files</Filter>
    </ClCompile>
    <ClCompile Include="Project2dfx.cpp">
      <Filter>Source Files\DLC</Filter>
    </ClCompile>
    <ClCompile Include="Font.cpp">
      <Filter>Source Files</Filter>
    </ClCompile>
    <ClCompile Include="Vehicle.cpp">
      <Filter>Source Files</Filter>
    </ClCompile>
    <ClCompile Include="Text.cpp">
      <Filter>Source Files</Filter>
    </ClCompile>
    <ClCompile Include="Clock.cpp">
      <Filter>Source Files</Filter>
    </ClCompile>
    <ClCompile Include="ColAccel.cpp">
      <Filter>Source Files</Filter>
    </ClCompile>
    <ClCompile Include="3DMarkers.cpp">
      <Filter>Source Files</Filter>
    </ClCompile>
    <ClCompile Include="Ped.cpp">
      <Filter>Source Files</Filter>
    </ClCompile>
    <ClCompile Include="CustomBankLoader.cpp">
      <Filter>Source Files</Filter>
    </ClCompile>
    <ClCompile Include="EntryExitMgr.cpp">
      <Filter>Source Files</Filter>
    </ClCompile>
    <ClCompile Include="GroupedBuildings.cpp">
      <Filter>Source Files</Filter>
    </ClCompile>
    <ClCompile Include="Antennas.cpp">
      <Filter>Source Files</Filter>
    </ClCompile>
    <ClCompile Include="TimeCycle.cpp">
      <Filter>Source Files</Filter>
    </ClCompile>
    <ClCompile Include="ControlsMgr.cpp">
      <Filter>Source Files</Filter>
    </ClCompile>
    <ClCompile Include="X360Pad.cpp">
      <Filter>Source Files</Filter>
    </ClCompile>
    <ClCompile Include="RW.cpp">
      <Filter>Source Files</Filter>
    </ClCompile>
    <ClCompile Include="VisibilityPlugins.cpp">
      <Filter>Source Files</Filter>
    </ClCompile>
    <ClCompile Include="Object.cpp">
      <Filter>Source Files</Filter>
    </ClCompile>
    <ClCompile Include="SpeechRecognition.cpp">
      <Filter>Source Files</Filter>
    </ClCompile>
    <ClCompile Include="StaticPatcher.cpp">
      <Filter>Source Files</Filter>
    </ClCompile>
    <ClCompile Include="Camera.cpp">
      <Filter>Source Files</Filter>
    </ClCompile>
    <ClCompile Include="Gangs.cpp">
      <Filter>Source Files</Filter>
    </ClCompile>
    <ClCompile Include="PedIntelligence.cpp">
      <Filter>Source Files</Filter>
    </ClCompile>
    <ClCompile Include="Shadows.cpp">
      <Filter>Source Files</Filter>
    </ClCompile>
    <ClCompile Include="FxSystem.cpp">
      <Filter>Source Files</Filter>
    </ClCompile>
    <ClCompile Include="RealTimeShadowMgr.cpp">
      <Filter>Source Files</Filter>
    </ClCompile>
    <ClCompile Include="Tasks.cpp">
      <Filter>Source Files</Filter>
    </ClCompile>
    <ClCompile Include="PostEffects.cpp">
      <Filter>Source Files</Filter>
    </ClCompile>
    <ClCompile Include="ModelInfoAccelerator.cpp">
      <Filter>Source Files</Filter>
    </ClCompile>
    <ClCompile Include="MenuSystem.cpp">
      <Filter>Source Files</Filter>
    </ClCompile>
    <ClCompile Include="Breakable.cpp">
      <Filter>Source Files</Filter>
    </ClCompile>
    <ClCompile Include="CustomBuildingRenderer.cpp">
      <Filter>Source Files</Filter>
    </ClCompile>
    <ClCompile Include="Weather.cpp">
      <Filter>Source Files</Filter>
    </ClCompile>
  </ItemGroup>
  <ItemGroup>
    <ClInclude Include="CConfiscatedWeapons.h">
      <Filter>Header Files</Filter>
    </ClInclude>
    <ClInclude Include="CCRC32.H">
      <Filter>Header Files</Filter>
    </ClInclude>
    <ClInclude Include="CGridref.h">
      <Filter>Header Files</Filter>
    </ClInclude>
    <ClInclude Include="CWanted.h">
      <Filter>Header Files</Filter>
    </ClInclude>
    <ClInclude Include="CWeaponInfo.h">
      <Filter>Header Files</Filter>
    </ClInclude>
    <ClInclude Include="StdAfx.h">
      <Filter>Header Files</Filter>
    </ClInclude>
    <ClInclude Include="Rs.h">
      <Filter>Header Files</Filter>
    </ClInclude>
    <ClInclude Include="General.h">
      <Filter>Header Files</Filter>
    </ClInclude>
    <ClInclude Include="Sprite.h">
      <Filter>Header Files</Filter>
    </ClInclude>
    <ClInclude Include="VideoPlayer.h">
      <Filter>Header Files</Filter>
    </ClInclude>
    <ClInclude Include="Messages.h">
      <Filter>Header Files</Filter>
    </ClInclude>
    <ClInclude Include="WidescreenSupport.h">
      <Filter>Header Files</Filter>
    </ClInclude>
    <ClInclude Include="Radar.h">
      <Filter>Header Files</Filter>
    </ClInclude>
    <ClInclude Include="UserDisplay.h">
      <Filter>Header Files</Filter>
    </ClInclude>
    <ClInclude Include="PcSave.h">
      <Filter>Header Files</Filter>
    </ClInclude>
    <ClInclude Include="Audio.h">
      <Filter>Header Files</Filter>
    </ClInclude>
    <ClInclude Include="Script.h">
      <Filter>Header Files</Filter>
    </ClInclude>
    <ClInclude Include="CutsceneManager.h">
      <Filter>Header Files</Filter>
    </ClInclude>
    <ClInclude Include="Stats.h">
      <Filter>Header Files</Filter>
    </ClInclude>
    <ClInclude Include="Frontend.h">
      <Filter>Header Files</Filter>
    </ClInclude>
    <ClInclude Include="UpdateManager.h">
      <Filter>Header Files</Filter>
    </ClInclude>
    <ClInclude Include="VCSPC_SDK.h">
      <Filter>Header Files</Filter>
    </ClInclude>
    <ClInclude Include="VCSPC_SDK_Internal.h">
      <Filter>Header Files</Filter>
    </ClInclude>
    <ClInclude Include="..\dependencies\include\BinkW32\bink.h">
      <Filter>Header Files\3rdparty\BINK</Filter>
    </ClInclude>
    <ClInclude Include="..\dependencies\include\BinkW32\radbase.h">
      <Filter>Header Files\3rdparty\BINK</Filter>
    </ClInclude>
    <ClInclude Include="..\dependencies\include\rwsdk\rtpng.h">
      <Filter>Header Files\3rdparty\RW</Filter>
    </ClInclude>
    <ClInclude Include="..\dependencies\include\rwsdk\rtworld.h">
      <Filter>Header Files\3rdparty\RW</Filter>
    </ClInclude>
    <ClInclude Include="..\dependencies\include\rwsdk\rwcore.h">
      <Filter>Header Files\3rdparty\RW</Filter>
    </ClInclude>
    <ClInclude Include="..\dependencies\include\blowfish\Blowfish.h">
      <Filter>Header Files\3rdparty</Filter>
    </ClInclude>
    <ClInclude Include="PNGArchive.h">
      <Filter>Header Files</Filter>
    </ClInclude>
    <ClInclude Include="ModelInfo.h">
      <Filter>Header Files</Filter>
    </ClInclude>
    <ClInclude Include="Replay.h">
      <Filter>Header Files</Filter>
    </ClInclude>
    <ClInclude Include="Hud.h">
      <Filter>Header Files</Filter>
    </ClInclude>
    <ClInclude Include="Darkel.h">
      <Filter>Header Files</Filter>
    </ClInclude>
    <ClInclude Include="Timer.h">
      <Filter>Header Files</Filter>
    </ClInclude>
    <ClInclude Include="DLCManager.h">
      <Filter>Header Files</Filter>
    </ClInclude>
    <ClInclude Include="..\common\DLCShared.h">
      <Filter>Header Files</Filter>
    </ClInclude>
    <ClInclude Include="FileMgr.h">
      <Filter>Header Files</Filter>
    </ClInclude>
    <ClInclude Include="Pools.h">
      <Filter>Header Files</Filter>
    </ClInclude>
    <ClInclude Include="..\common\Date.h">
      <Filter>Header Files</Filter>
    </ClInclude>
    <ClInclude Include="AnimMgr.h">
      <Filter>Header Files</Filter>
    </ClInclude>
    <ClInclude Include="MemoryMgr.h">
      <Filter>Header Files</Filter>
    </ClInclude>
    <ClInclude Include="EmpireMgr.h">
      <Filter>Header Files</Filter>
    </ClInclude>
    <ClInclude Include="Building.h">
      <Filter>Header Files</Filter>
    </ClInclude>
    <ClInclude Include="World.h">
      <Filter>Header Files</Filter>
    </ClInclude>
    <ClInclude Include="PlayerInfo.h">
      <Filter>Header Files</Filter>
    </ClInclude>
    <ClInclude Include="TxdStore.h">
      <Filter>Header Files</Filter>
    </ClInclude>
    <ClInclude Include="Streaming.h">
      <Filter>Header Files</Filter>
    </ClInclude>
    <ClInclude Include="Garages.h">
      <Filter>Header Files</Filter>
    </ClInclude>
    <ClInclude Include="Pad.h">
      <Filter>Header Files</Filter>
    </ClInclude>
    <ClInclude Include="Coronas.h">
      <Filter>Header Files</Filter>
    </ClInclude>
    <ClInclude Include="Project2dfx.h">
      <Filter>Header Files\DLC</Filter>
    </ClInclude>
    <ClInclude Include="Font.h">
      <Filter>Header Files</Filter>
    </ClInclude>
    <ClInclude Include="Text.h">
      <Filter>Header Files</Filter>
    </ClInclude>
    <ClInclude Include="Clock.h">
      <Filter>Header Files</Filter>
    </ClInclude>
    <ClInclude Include="ColAccel.h">
      <Filter>Header Files</Filter>
    </ClInclude>
    <ClInclude Include="3DMarkers.h">
      <Filter>Header Files</Filter>
    </ClInclude>
    <ClInclude Include="Ped.h">
      <Filter>Header Files</Filter>
    </ClInclude>
    <ClInclude Include="BankLoader.h">
      <Filter>Header Files</Filter>
    </ClInclude>
    <ClInclude Include="Queue.h">
      <Filter>Header Files</Filter>
    </ClInclude>
    <ClInclude Include="EntryExitMgr.h">
      <Filter>Header Files</Filter>
    </ClInclude>
    <ClInclude Include="Vehicle.h">
      <Filter>Header Files</Filter>
    </ClInclude>
    <ClInclude Include="GroupedBuildings.h">
      <Filter>Header Files</Filter>
    </ClInclude>
    <ClInclude Include="Antennas.h">
      <Filter>Header Files</Filter>
    </ClInclude>
    <ClInclude Include="Maths.h">
      <Filter>Header Files</Filter>
    </ClInclude>
    <ClInclude Include="TimeCycle.h">
      <Filter>Header Files</Filter>
    </ClInclude>
    <ClInclude Include="ControlsMgr.h">
      <Filter>Header Files</Filter>
    </ClInclude>
    <ClInclude Include="X360Pad.h">
      <Filter>Header Files</Filter>
    </ClInclude>
    <ClInclude Include="LinkList.h">
      <Filter>Header Files</Filter>
    </ClInclude>
    <ClInclude Include="VisibilityPlugins.h">
      <Filter>Header Files</Filter>
    </ClInclude>
    <ClInclude Include="Object.h">
      <Filter>Header Files</Filter>
    </ClInclude>
    <ClInclude Include="SpeechRecognition.h">
      <Filter>Header Files</Filter>
    </ClInclude>
    <ClInclude Include="StaticPatcher.h">
      <Filter>Header Files</Filter>
    </ClInclude>
    <ClInclude Include="Camera.h">
      <Filter>Header Files</Filter>
    </ClInclude>
    <ClInclude Include="Gangs.h">
      <Filter>Header Files</Filter>
    </ClInclude>
    <ClInclude Include="PedIntelligence.h">
      <Filter>Header Files</Filter>
    </ClInclude>
    <ClInclude Include="Shadows.h">
      <Filter>Header Files</Filter>
    </ClInclude>
    <ClInclude Include="FxSystem.h">
      <Filter>Header Files</Filter>
    </ClInclude>
    <ClInclude Include="RealTimeShadowMgr.h">
      <Filter>Header Files</Filter>
    </ClInclude>
    <ClInclude Include="Tasks.h">
      <Filter>Header Files</Filter>
    </ClInclude>
    <ClInclude Include="PostEffects.h">
      <Filter>Header Files</Filter>
    </ClInclude>
    <ClInclude Include="PtrList.h">
      <Filter>Header Files</Filter>
    </ClInclude>
    <ClInclude Include="ModelInfoAccelerator.h">
      <Filter>Header Files</Filter>
    </ClInclude>
    <ClInclude Include="MenuSystem.h">
      <Filter>Header Files</Filter>
    </ClInclude>
    <ClInclude Include="resource.h">
      <Filter>Header Files</Filter>
    </ClInclude>
    <ClInclude Include="Breakable.h">
      <Filter>Header Files</Filter>
    </ClInclude>
    <ClInclude Include="CustomBuildingRenderer.h">
      <Filter>Header Files</Filter>
    </ClInclude>
    <ClInclude Include="Weather.h">
      <Filter>Header Files</Filter>
    </ClInclude>
  </ItemGroup>
  <ItemGroup>
    <None Include="LoadVars.inc">
      <Filter>Header Files\SCM</Filter>
    </None>
    <None Include="SaveVars.inc">
      <Filter>Header Files\SCM</Filter>
    </None>
  </ItemGroup>
  <ItemGroup>
    <FxCompile Include="Shaders\postfxVS.hlsl">
      <Filter>Shaders</Filter>
    </FxCompile>
    <FxCompile Include="Shaders\radiosityPS.hlsl">
      <Filter>Shaders</Filter>
    </FxCompile>
    <FxCompile Include="Shaders\rtshadowPS.hlsl">
      <Filter>Shaders</Filter>
    </FxCompile>
  </ItemGroup>
</Project>